
Microsoft Visual Studio Solution File, Format Version 12.00
# Visual Studio Version 17
VisualStudioVersion = 17.7.34018.315
MinimumVisualStudioVersion = 10.0.40219.1
Project("{FAE04EC0-301F-11D3-BF4B-00C04F79EFBC}") = "ConditionalStatementsHomework", "ConditionalStatementsHomework\ConditionalStatementsHomework.csproj", "{6CF5EB6B-1686-44C4-B81E-106C3AC31D5C}"
EndProject
Global
	GlobalSection(SolutionConfigurationPlatforms) = preSolution
		Debug|Any CPU = Debug|Any CPU
		Release|Any CPU = Release|Any CPU
	EndGlobalSection
	GlobalSection(ProjectConfigurationPlatforms) = postSolution
		{6CF5EB6B-1686-44C4-B81E-106C3AC31D5C}.Debug|Any CPU.ActiveCfg = Debug|Any CPU
		{6CF5EB6B-1686-44C4-B81E-106C3AC31D5C}.Debug|Any CPU.Build.0 = Debug|Any CPU
		{6CF5EB6B-1686-44C4-B81E-106C3AC31D5C}.Release|Any CPU.ActiveCfg = Release|Any CPU
		{6CF5EB6B-1686-44C4-B81E-106C3AC31D5C}.Release|Any CPU.Build.0 = Release|Any CPU
	EndGlobalSection
	GlobalSection(SolutionProperties) = preSolution
		HideSolutionNode = FALSE
	EndGlobalSection
	GlobalSection(ExtensibilityGlobals) = postSolution
		SolutionGuid = {B9319ADE-1796-4EEB-B55A-04FDFE695B9F}
	EndGlobalSection
EndGlobal
