
Microsoft Visual Studio Solution File, Format Version 12.00
# Visual Studio Version 17
VisualStudioVersion = 17.7.34018.315
MinimumVisualStudioVersion = 10.0.40219.1
Project("{FAE04EC0-301F-11D3-BF4B-00C04F79EFBC}") = "TypeConversionsHomework", "TypeConversionsHomework\TypeConversionsHomework.csproj", "{ED5C9E28-E421-4088-A490-52248049B425}"
EndProject
Global
	GlobalSection(SolutionConfigurationPlatforms) = preSolution
		Debug|Any CPU = Debug|Any CPU
		Release|Any CPU = Release|Any CPU
	EndGlobalSection
	GlobalSection(ProjectConfigurationPlatforms) = postSolution
		{ED5C9E28-E421-4088-A490-52248049B425}.Debug|Any CPU.ActiveCfg = Debug|Any CPU
		{ED5C9E28-E421-4088-A490-52248049B425}.Debug|Any CPU.Build.0 = Debug|Any CPU
		{ED5C9E28-E421-4088-A490-52248049B425}.Release|Any CPU.ActiveCfg = Release|Any CPU
		{ED5C9E28-E421-4088-A490-52248049B425}.Release|Any CPU.Build.0 = Release|Any CPU
	EndGlobalSection
	GlobalSection(SolutionProperties) = preSolution
		HideSolutionNode = FALSE
	EndGlobalSection
	GlobalSection(ExtensibilityGlobals) = postSolution
		SolutionGuid = {71CBCC83-46C3-44F8-B469-65D317E1978B}
	EndGlobalSection
EndGlobal
