
Microsoft Visual Studio Solution File, Format Version 12.00
# Visual Studio Version 17
VisualStudioVersion = 17.7.34018.315
MinimumVisualStudioVersion = 10.0.40219.1
Project("{FAE04EC0-301F-11D3-BF4B-00C04F79EFBC}") = "DoLoop", "DoLoop\DoLoop.csproj", "{3FCE6C2C-1990-4F46-831E-3B6FF8399632}"
EndProject
Global
	GlobalSection(SolutionConfigurationPlatforms) = preSolution
		Debug|Any CPU = Debug|Any CPU
		Release|Any CPU = Release|Any CPU
	EndGlobalSection
	GlobalSection(ProjectConfigurationPlatforms) = postSolution
		{3FCE6C2C-1990-4F46-831E-3B6FF8399632}.Debug|Any CPU.ActiveCfg = Debug|Any CPU
		{3FCE6C2C-1990-4F46-831E-3B6FF8399632}.Debug|Any CPU.Build.0 = Debug|Any CPU
		{3FCE6C2C-1990-4F46-831E-3B6FF8399632}.Release|Any CPU.ActiveCfg = Release|Any CPU
		{3FCE6C2C-1990-4F46-831E-3B6FF8399632}.Release|Any CPU.Build.0 = Release|Any CPU
	EndGlobalSection
	GlobalSection(SolutionProperties) = preSolution
		HideSolutionNode = FALSE
	EndGlobalSection
	GlobalSection(ExtensibilityGlobals) = postSolution
		SolutionGuid = {B91CE4C9-C585-413C-BD1F-9A2709A3AD44}
	EndGlobalSection
EndGlobal
