
Microsoft Visual Studio Solution File, Format Version 12.00
# Visual Studio Version 17
VisualStudioVersion = 17.7.34018.315
MinimumVisualStudioVersion = 10.0.40219.1
Project("{FAE04EC0-301F-11D3-BF4B-00C04F79EFBC}") = "DateOnlyVariables", "DateOnlyVariables\DateOnlyVariables.csproj", "{BE3172CA-7BA7-48B8-A28D-3977749F0492}"
EndProject
Global
	GlobalSection(SolutionConfigurationPlatforms) = preSolution
		Debug|Any CPU = Debug|Any CPU
		Release|Any CPU = Release|Any CPU
	EndGlobalSection
	GlobalSection(ProjectConfigurationPlatforms) = postSolution
		{BE3172CA-7BA7-48B8-A28D-3977749F0492}.Debug|Any CPU.ActiveCfg = Debug|Any CPU
		{BE3172CA-7BA7-48B8-A28D-3977749F0492}.Debug|Any CPU.Build.0 = Debug|Any CPU
		{BE3172CA-7BA7-48B8-A28D-3977749F0492}.Release|Any CPU.ActiveCfg = Release|Any CPU
		{BE3172CA-7BA7-48B8-A28D-3977749F0492}.Release|Any CPU.Build.0 = Release|Any CPU
	EndGlobalSection
	GlobalSection(SolutionProperties) = preSolution
		HideSolutionNode = FALSE
	EndGlobalSection
	GlobalSection(ExtensibilityGlobals) = postSolution
		SolutionGuid = {8CB98DD2-BFE5-4A2B-8126-5F32FDBB2530}
	EndGlobalSection
EndGlobal
